
Microsoft Visual Studio Solution File, Format Version 12.00
# Visual Studio 15
VisualStudioVersion = 15.0.27703.2042
MinimumVisualStudioVersion = 10.0.40219.1
Project("{FAE04EC0-301F-11D3-BF4B-00C04F79EFBC}") = "PDFReader", "PDFReader.csproj", "{6EC874E6-622B-40D3-98B5-28F986BF0F54}"
EndProject
Project("{FAE04EC0-301F-11D3-BF4B-00C04F79EFBC}") = "PDF2DataTest", "..\PDF2DataTest\PDF2DataTest.csproj", "{196A3C2D-20C9-467E-8AFA-23AB8BC4505E}"
EndProject
Project("{FAE04EC0-301F-11D3-BF4B-00C04F79EFBC}") = "ClippingPathVisualizer", "..\ClippingPathVisualizer\ClippingPathVisualizer.csproj", "{4E0A3154-0C9F-41FD-8F4F-5F81CAB2DD20}"
EndProject
Project("{FAE04EC0-301F-11D3-BF4B-00C04F79EFBC}") = "Pdf2DataLib", "..\Pdf2DataLib\Pdf2DataLib.csproj", "{D55CC75D-7CA2-41DA-AE22-69AD63BB41AD}"
EndProject
Project("{FAE04EC0-301F-11D3-BF4B-00C04F79EFBC}") = "Pdf2DataLib.Tests", "..\Pdf2DataLib.Tests\Pdf2DataLib.Tests.csproj", "{FAB77518-EBFC-47AA-838B-FD8BD9C5840C}"
EndProject
Project("{FAE04EC0-301F-11D3-BF4B-00C04F79EFBC}") = "Pdf2Docx", "..\Pdf2Docx\Pdf2Docx.csproj", "{889F9930-D007-4879-803C-D8EBE1AB404E}"
EndProject
Global
	GlobalSection(SolutionConfigurationPlatforms) = preSolution
		Debug|Any CPU = Debug|Any CPU
		Release|Any CPU = Release|Any CPU
	EndGlobalSection
	GlobalSection(ProjectConfigurationPlatforms) = postSolution
		{6EC874E6-622B-40D3-98B5-28F986BF0F54}.Debug|Any CPU.ActiveCfg = Debug|Any CPU
		{6EC874E6-622B-40D3-98B5-28F986BF0F54}.Debug|Any CPU.Build.0 = Debug|Any CPU
		{6EC874E6-622B-40D3-98B5-28F986BF0F54}.Release|Any CPU.ActiveCfg = Release|Any CPU
		{6EC874E6-622B-40D3-98B5-28F986BF0F54}.Release|Any CPU.Build.0 = Release|Any CPU
		{196A3C2D-20C9-467E-8AFA-23AB8BC4505E}.Debug|Any CPU.ActiveCfg = Debug|Any CPU
		{196A3C2D-20C9-467E-8AFA-23AB8BC4505E}.Debug|Any CPU.Build.0 = Debug|Any CPU
		{196A3C2D-20C9-467E-8AFA-23AB8BC4505E}.Release|Any CPU.ActiveCfg = Release|Any CPU
		{196A3C2D-20C9-467E-8AFA-23AB8BC4505E}.Release|Any CPU.Build.0 = Release|Any CPU
		{4E0A3154-0C9F-41FD-8F4F-5F81CAB2DD20}.Debug|Any CPU.ActiveCfg = Debug|Any CPU
		{4E0A3154-0C9F-41FD-8F4F-5F81CAB2DD20}.Debug|Any CPU.Build.0 = Debug|Any CPU
		{4E0A3154-0C9F-41FD-8F4F-5F81CAB2DD20}.Release|Any CPU.ActiveCfg = Release|Any CPU
		{4E0A3154-0C9F-41FD-8F4F-5F81CAB2DD20}.Release|Any CPU.Build.0 = Release|Any CPU
		{D55CC75D-7CA2-41DA-AE22-69AD63BB41AD}.Debug|Any CPU.ActiveCfg = Debug|Any CPU
		{D55CC75D-7CA2-41DA-AE22-69AD63BB41AD}.Debug|Any CPU.Build.0 = Debug|Any CPU
		{D55CC75D-7CA2-41DA-AE22-69AD63BB41AD}.Release|Any CPU.ActiveCfg = Release|Any CPU
		{D55CC75D-7CA2-41DA-AE22-69AD63BB41AD}.Release|Any CPU.Build.0 = Release|Any CPU
		{FAB77518-EBFC-47AA-838B-FD8BD9C5840C}.Debug|Any CPU.ActiveCfg = Debug|Any CPU
		{FAB77518-EBFC-47AA-838B-FD8BD9C5840C}.Debug|Any CPU.Build.0 = Debug|Any CPU
		{FAB77518-EBFC-47AA-838B-FD8BD9C5840C}.Release|Any CPU.ActiveCfg = Release|Any CPU
		{FAB77518-EBFC-47AA-838B-FD8BD9C5840C}.Release|Any CPU.Build.0 = Release|Any CPU
		{889F9930-D007-4879-803C-D8EBE1AB404E}.Debug|Any CPU.ActiveCfg = Debug|Any CPU
		{889F9930-D007-4879-803C-D8EBE1AB404E}.Debug|Any CPU.Build.0 = Debug|Any CPU
		{889F9930-D007-4879-803C-D8EBE1AB404E}.Release|Any CPU.ActiveCfg = Release|Any CPU
		{889F9930-D007-4879-803C-D8EBE1AB404E}.Release|Any CPU.Build.0 = Release|Any CPU
	EndGlobalSection
	GlobalSection(SolutionProperties) = preSolution
		HideSolutionNode = FALSE
	EndGlobalSection
	GlobalSection(ExtensibilityGlobals) = postSolution
		SolutionGuid = {14BB1DEB-C7CC-4906-9C61-BFFD9DB35BA8}
	EndGlobalSection
EndGlobal
