
Microsoft Visual Studio Solution File, Format Version 11.00
# Visual Studio 2010
Project("{FAE04EC0-301F-11D3-BF4B-00C04F79EFBC}") = "BGU.DRPL.DRClientAutomation.Console", "BGU.DRPL.DRClientAutomation.Console\BGU.DRPL.DRClientAutomation.Console.csproj", "{FB626B59-2153-45AA-83FA-BA2AB4A49F30}"
EndProject
Project("{FAE04EC0-301F-11D3-BF4B-00C04F79EFBC}") = "BGU.DRPL.DRClientAutomationLib", "BGU.DRPL.DRClientAutomationLib\BGU.DRPL.DRClientAutomationLib.csproj", "{6D49821E-76CB-4ADC-BDB5-D20165DB34A6}"
EndProject
Project("{FAE04EC0-301F-11D3-BF4B-00C04F79EFBC}") = "BGU.DRPL.DRClientUIAutomationLib", "BGU.DRPL.DRClientUIAutomationLib\BGU.DRPL.DRClientUIAutomationLib.csproj", "{ED2D91EF-FCDA-4433-8048-C0F0AD3822F1}"
EndProject
Global
	GlobalSection(SolutionConfigurationPlatforms) = preSolution
		Debug|Any CPU = Debug|Any CPU
		Debug|Mixed Platforms = Debug|Mixed Platforms
		Debug|x86 = Debug|x86
		Release|Any CPU = Release|Any CPU
		Release|Mixed Platforms = Release|Mixed Platforms
		Release|x86 = Release|x86
	EndGlobalSection
	GlobalSection(ProjectConfigurationPlatforms) = postSolution
		{FB626B59-2153-45AA-83FA-BA2AB4A49F30}.Debug|Any CPU.ActiveCfg = Debug|x86
		{FB626B59-2153-45AA-83FA-BA2AB4A49F30}.Debug|Mixed Platforms.ActiveCfg = Debug|x86
		{FB626B59-2153-45AA-83FA-BA2AB4A49F30}.Debug|Mixed Platforms.Build.0 = Debug|x86
		{FB626B59-2153-45AA-83FA-BA2AB4A49F30}.Debug|x86.ActiveCfg = Debug|x86
		{FB626B59-2153-45AA-83FA-BA2AB4A49F30}.Debug|x86.Build.0 = Debug|x86
		{FB626B59-2153-45AA-83FA-BA2AB4A49F30}.Release|Any CPU.ActiveCfg = Release|x86
		{FB626B59-2153-45AA-83FA-BA2AB4A49F30}.Release|Mixed Platforms.ActiveCfg = Release|x86
		{FB626B59-2153-45AA-83FA-BA2AB4A49F30}.Release|Mixed Platforms.Build.0 = Release|x86
		{FB626B59-2153-45AA-83FA-BA2AB4A49F30}.Release|x86.ActiveCfg = Release|x86
		{FB626B59-2153-45AA-83FA-BA2AB4A49F30}.Release|x86.Build.0 = Release|x86
		{6D49821E-76CB-4ADC-BDB5-D20165DB34A6}.Debug|Any CPU.ActiveCfg = Debug|Any CPU
		{6D49821E-76CB-4ADC-BDB5-D20165DB34A6}.Debug|Any CPU.Build.0 = Debug|Any CPU
		{6D49821E-76CB-4ADC-BDB5-D20165DB34A6}.Debug|Mixed Platforms.ActiveCfg = Debug|Any CPU
		{6D49821E-76CB-4ADC-BDB5-D20165DB34A6}.Debug|Mixed Platforms.Build.0 = Debug|Any CPU
		{6D49821E-76CB-4ADC-BDB5-D20165DB34A6}.Debug|x86.ActiveCfg = Debug|Any CPU
		{6D49821E-76CB-4ADC-BDB5-D20165DB34A6}.Release|Any CPU.ActiveCfg = Release|Any CPU
		{6D49821E-76CB-4ADC-BDB5-D20165DB34A6}.Release|Any CPU.Build.0 = Release|Any CPU
		{6D49821E-76CB-4ADC-BDB5-D20165DB34A6}.Release|Mixed Platforms.ActiveCfg = Release|Any CPU
		{6D49821E-76CB-4ADC-BDB5-D20165DB34A6}.Release|Mixed Platforms.Build.0 = Release|Any CPU
		{6D49821E-76CB-4ADC-BDB5-D20165DB34A6}.Release|x86.ActiveCfg = Release|Any CPU
		{ED2D91EF-FCDA-4433-8048-C0F0AD3822F1}.Debug|Any CPU.ActiveCfg = Debug|Any CPU
		{ED2D91EF-FCDA-4433-8048-C0F0AD3822F1}.Debug|Any CPU.Build.0 = Debug|Any CPU
		{ED2D91EF-FCDA-4433-8048-C0F0AD3822F1}.Debug|Mixed Platforms.ActiveCfg = Debug|Any CPU
		{ED2D91EF-FCDA-4433-8048-C0F0AD3822F1}.Debug|Mixed Platforms.Build.0 = Debug|Any CPU
		{ED2D91EF-FCDA-4433-8048-C0F0AD3822F1}.Debug|x86.ActiveCfg = Debug|Any CPU
		{ED2D91EF-FCDA-4433-8048-C0F0AD3822F1}.Release|Any CPU.ActiveCfg = Release|Any CPU
		{ED2D91EF-FCDA-4433-8048-C0F0AD3822F1}.Release|Any CPU.Build.0 = Release|Any CPU
		{ED2D91EF-FCDA-4433-8048-C0F0AD3822F1}.Release|Mixed Platforms.ActiveCfg = Release|Any CPU
		{ED2D91EF-FCDA-4433-8048-C0F0AD3822F1}.Release|Mixed Platforms.Build.0 = Release|Any CPU
		{ED2D91EF-FCDA-4433-8048-C0F0AD3822F1}.Release|x86.ActiveCfg = Release|Any CPU
	EndGlobalSection
	GlobalSection(SolutionProperties) = preSolution
		HideSolutionNode = FALSE
	EndGlobalSection
EndGlobal
